
Microsoft Visual Studio Solution File, Format Version 12.00
# Visual Studio Version 16
VisualStudioVersion = 16.0.30907.101
MinimumVisualStudioVersion = 10.0.40219.1
Project("{FAE04EC0-301F-11D3-BF4B-00C04F79EFBC}") = "Movie Streaming Platform", "Movie Streaming Platform\Movie Streaming Platform.csproj", "{96B172E5-BD21-45A9-96E9-7302D1E797E0}"
EndProject
Global
	GlobalSection(SolutionConfigurationPlatforms) = preSolution
		Debug|Any CPU = Debug|Any CPU
		Release|Any CPU = Release|Any CPU
	EndGlobalSection
	GlobalSection(ProjectConfigurationPlatforms) = postSolution
		{96B172E5-BD21-45A9-96E9-7302D1E797E0}.Debug|Any CPU.ActiveCfg = Debug|Any CPU
		{96B172E5-BD21-45A9-96E9-7302D1E797E0}.Debug|Any CPU.Build.0 = Debug|Any CPU
		{96B172E5-BD21-45A9-96E9-7302D1E797E0}.Release|Any CPU.ActiveCfg = Release|Any CPU
		{96B172E5-BD21-45A9-96E9-7302D1E797E0}.Release|Any CPU.Build.0 = Release|Any CPU
	EndGlobalSection
	GlobalSection(SolutionProperties) = preSolution
		HideSolutionNode = FALSE
	EndGlobalSection
	GlobalSection(ExtensibilityGlobals) = postSolution
		SolutionGuid = {F748CFE8-A4D9-4E39-914D-D46D0FDA4E12}
	EndGlobalSection
EndGlobal
